// !$*UTF8*$!
{
	archiveVersion = 1;
	classes = {
	};
	objectVersion = 50;
	objects = {

/* Begin PBXBuildFile section */
		CC7EE591256AAA0300D73B83 /* MovieInfoViewController.swift in Sources */ = {isa = PBXBuildFile; fileRef = CC7EE590256AAA0200D73B83 /* MovieInfoViewController.swift */; };
		CC7EE594256AAA0B00D73B83 /* AddMovieViewController.swift in Sources */ = {isa = PBXBuildFile; fileRef = CC7EE593256AAA0B00D73B83 /* AddMovieViewController.swift */; };
		CCA986592579464800246935 /* CollectionCellViewController.swift in Sources */ = {isa = PBXBuildFile; fileRef = CCA986582579464800246935 /* CollectionCellViewController.swift */; };
		CCA9865C2579467200246935 /* PhotoCollectionCell.swift in Sources */ = {isa = PBXBuildFile; fileRef = CCA9865B2579467200246935 /* PhotoCollectionCell.swift */; };
		CCA9865F257946DA00246935 /* CollectionViewCell.swift in Sources */ = {isa = PBXBuildFile; fileRef = CCA9865E257946DA00246935 /* CollectionViewCell.swift */; };
		CCFB246425521B99001CF488 /* AppDelegate.swift in Sources */ = {isa = PBXBuildFile; fileRef = CCFB246325521B99001CF488 /* AppDelegate.swift */; };
		CCFB246625521B99001CF488 /* SceneDelegate.swift in Sources */ = {isa = PBXBuildFile; fileRef = CCFB246525521B99001CF488 /* SceneDelegate.swift */; };
		CCFB246D25521B9C001CF488 /* Assets.xcassets in Resources */ = {isa = PBXBuildFile; fileRef = CCFB246C25521B9C001CF488 /* Assets.xcassets */; };
		CCFB247025521B9C001CF488 /* LaunchScreen.storyboard in Resources */ = {isa = PBXBuildFile; fileRef = CCFB246E25521B9C001CF488 /* LaunchScreen.storyboard */; };
		CCFB247B25521BD4001CF488 /* Main.storyboard in Resources */ = {isa = PBXBuildFile; fileRef = CCFB247925521BD4001CF488 /* Main.storyboard */; };
		CCFB247F25521BEC001CF488 /* ViewController.swift in Sources */ = {isa = PBXBuildFile; fileRef = CCFB247E25521BEC001CF488 /* ViewController.swift */; };
		CCFB248225521C1A001CF488 /* MovieCell.swift in Sources */ = {isa = PBXBuildFile; fileRef = CCFB248125521C1A001CF488 /* MovieCell.swift */; };
		CCFB248525521C25001CF488 /* Movie.swift in Sources */ = {isa = PBXBuildFile; fileRef = CCFB248425521C25001CF488 /* Movie.swift */; };
		CCFB248825521C31001CF488 /* MoviesList.txt in Resources */ = {isa = PBXBuildFile; fileRef = CCFB248725521C31001CF488 /* MoviesList.txt */; };
/* End PBXBuildFile section */

/* Begin PBXFileReference section */
		CC7EE590256AAA0200D73B83 /* MovieInfoViewController.swift */ = {isa = PBXFileReference; fileEncoding = 4; lastKnownFileType = sourcecode.swift; path = MovieInfoViewController.swift; sourceTree = "<group>"; };
		CC7EE593256AAA0B00D73B83 /* AddMovieViewController.swift */ = {isa = PBXFileReference; fileEncoding = 4; lastKnownFileType = sourcecode.swift; path = AddMovieViewController.swift; sourceTree = "<group>"; };
		CCA986582579464800246935 /* CollectionCellViewController.swift */ = {isa = PBXFileReference; lastKnownFileType = sourcecode.swift; path = CollectionCellViewController.swift; sourceTree = "<group>"; };
		CCA9865B2579467200246935 /* PhotoCollectionCell.swift */ = {isa = PBXFileReference; lastKnownFileType = sourcecode.swift; path = PhotoCollectionCell.swift; sourceTree = "<group>"; };
		CCA9865E257946DA00246935 /* CollectionViewCell.swift */ = {isa = PBXFileReference; lastKnownFileType = sourcecode.swift; path = CollectionViewCell.swift; sourceTree = "<group>"; };
		CCFB246025521B99001CF488 /* Fedoriachenko_Lab3.app */ = {isa = PBXFileReference; explicitFileType = wrapper.application; includeInIndex = 0; path = Fedoriachenko_Lab3.app; sourceTree = BUILT_PRODUCTS_DIR; };
		CCFB246325521B99001CF488 /* AppDelegate.swift */ = {isa = PBXFileReference; lastKnownFileType = sourcecode.swift; path = AppDelegate.swift; sourceTree = "<group>"; };
		CCFB246525521B99001CF488 /* SceneDelegate.swift */ = {isa = PBXFileReference; lastKnownFileType = sourcecode.swift; path = SceneDelegate.swift; sourceTree = "<group>"; };
		CCFB246C25521B9C001CF488 /* Assets.xcassets */ = {isa = PBXFileReference; lastKnownFileType = folder.assetcatalog; path = Assets.xcassets; sourceTree = "<group>"; };
		CCFB246F25521B9C001CF488 /* Base */ = {isa = PBXFileReference; lastKnownFileType = file.storyboard; name = Base; path = Base.lproj/LaunchScreen.storyboard; sourceTree = "<group>"; };
		CCFB247125521B9C001CF488 /* Info.plist */ = {isa = PBXFileReference; lastKnownFileType = text.plist.xml; path = Info.plist; sourceTree = "<group>"; };
		CCFB247A25521BD4001CF488 /* Base */ = {isa = PBXFileReference; lastKnownFileType = file.storyboard; name = Base; path = Base.lproj/Main.storyboard; sourceTree = "<group>"; };
		CCFB247E25521BEC001CF488 /* ViewController.swift */ = {isa = PBXFileReference; fileEncoding = 4; lastKnownFileType = sourcecode.swift; path = ViewController.swift; sourceTree = "<group>"; };
		CCFB248125521C1A001CF488 /* MovieCell.swift */ = {isa = PBXFileReference; fileEncoding = 4; lastKnownFileType = sourcecode.swift; name = MovieCell.swift; path = ../../Fedoriachenko_Lab3/Fedoriachenko_Lab3/MovieCell.swift; sourceTree = "<group>"; };
		CCFB248425521C25001CF488 /* Movie.swift */ = {isa = PBXFileReference; fileEncoding = 4; lastKnownFileType = sourcecode.swift; name = Movie.swift; path = ../../Fedoriachenko_Lab3/Fedoriachenko_Lab3/Movie.swift; sourceTree = "<group>"; };
		CCFB248725521C31001CF488 /* MoviesList.txt */ = {isa = PBXFileReference; fileEncoding = 4; lastKnownFileType = text; name = MoviesList.txt; path = "../../../../Downloads/Programming assignment 3/MoviesList.txt"; sourceTree = "<group>"; };
/* End PBXFileReference section */

/* Begin PBXFrameworksBuildPhase section */
		CCFB245D25521B99001CF488 /* Frameworks */ = {
			isa = PBXFrameworksBuildPhase;
			buildActionMask = 2147483647;
			files = (
			);
			runOnlyForDeploymentPostprocessing = 0;
		};
/* End PBXFrameworksBuildPhase section */

/* Begin PBXGroup section */
		CCFB245725521B99001CF488 = {
			isa = PBXGroup;
			children = (
				CCFB246225521B99001CF488 /* Fedoriachenko_Lab3 */,
				CCFB246125521B99001CF488 /* Products */,
			);
			sourceTree = "<group>";
		};
		CCFB246125521B99001CF488 /* Products */ = {
			isa = PBXGroup;
			children = (
				CCFB246025521B99001CF488 /* Fedoriachenko_Lab3.app */,
			);
			name = Products;
			sourceTree = "<group>";
		};
		CCFB246225521B99001CF488 /* Fedoriachenko_Lab3 */ = {
			isa = PBXGroup;
			children = (
				CCFB246325521B99001CF488 /* AppDelegate.swift */,
				CCFB246525521B99001CF488 /* SceneDelegate.swift */,
				CCFB247E25521BEC001CF488 /* ViewController.swift */,
				CCFB247925521BD4001CF488 /* Main.storyboard */,
				CCFB248125521C1A001CF488 /* MovieCell.swift */,
				CCFB246C25521B9C001CF488 /* Assets.xcassets */,
				CCFB248725521C31001CF488 /* MoviesList.txt */,
				CCFB246E25521B9C001CF488 /* LaunchScreen.storyboard */,
				CCFB248425521C25001CF488 /* Movie.swift */,
				CC7EE590256AAA0200D73B83 /* MovieInfoViewController.swift */,
				CC7EE593256AAA0B00D73B83 /* AddMovieViewController.swift */,
				CCFB247125521B9C001CF488 /* Info.plist */,
				CCA986582579464800246935 /* CollectionCellViewController.swift */,
				CCA9865B2579467200246935 /* PhotoCollectionCell.swift */,
				CCA9865E257946DA00246935 /* CollectionViewCell.swift */,
			);
			path = Fedoriachenko_Lab3;
			sourceTree = "<group>";
		};
/* End PBXGroup section */

/* Begin PBXNativeTarget section */
		CCFB245F25521B99001CF488 /* Fedoriachenko_Lab3 */ = {
			isa = PBXNativeTarget;
			buildConfigurationList = CCFB247425521B9C001CF488 /* Build configuration list for PBXNativeTarget "Fedoriachenko_Lab3" */;
			buildPhases = (
				CCFB245C25521B99001CF488 /* Sources */,
				CCFB245D25521B99001CF488 /* Frameworks */,
				CCFB245E25521B99001CF488 /* Resources */,
			);
			buildRules = (
			);
			dependencies = (
			);
			name = Fedoriachenko_Lab3;
			productName = Fedoryachenko_Lab3;
			productReference = CCFB246025521B99001CF488 /* Fedoriachenko_Lab3.app */;
			productType = "com.apple.product-type.application";
		};
/* End PBXNativeTarget section */

/* Begin PBXProject section */
		CCFB245825521B99001CF488 /* Project object */ = {
			isa = PBXProject;
			attributes = {
				LastSwiftUpdateCheck = 1200;
				LastUpgradeCheck = 1200;
				TargetAttributes = {
					CCFB245F25521B99001CF488 = {
						CreatedOnToolsVersion = 12.0;
					};
				};
			};
			buildConfigurationList = CCFB245B25521B99001CF488 /* Build configuration list for PBXProject "Fedoriachenko_Lab3" */;
			compatibilityVersion = "Xcode 9.3";
			developmentRegion = en;
			hasScannedForEncodings = 0;
			knownRegions = (
				en,
				Base,
			);
			mainGroup = CCFB245725521B99001CF488;
			productRefGroup = CCFB246125521B99001CF488 /* Products */;
			projectDirPath = "";
			projectRoot = "";
			targets = (
				CCFB245F25521B99001CF488 /* Fedoriachenko_Lab3 */,
			);
		};
/* End PBXProject section */

/* Begin PBXResourcesBuildPhase section */
		CCFB245E25521B99001CF488 /* Resources */ = {
			isa = PBXResourcesBuildPhase;
			buildActionMask = 2147483647;
			files = (
				CCFB247B25521BD4001CF488 /* Main.storyboard in Resources */,
				CCFB247025521B9C001CF488 /* LaunchScreen.storyboard in Resources */,
				CCFB246D25521B9C001CF488 /* Assets.xcassets in Resources */,
				CCFB248825521C31001CF488 /* MoviesList.txt in Resources */,
			);
			runOnlyForDeploymentPostprocessing = 0;
		};
/* End PBXResourcesBuildPhase section */

/* Begin PBXSourcesBuildPhase section */
		CCFB245C25521B99001CF488 /* Sources */ = {
			isa = PBXSourcesBuildPhase;
			buildActionMask = 2147483647;
			files = (
				CCA9865F257946DA00246935 /* CollectionViewCell.swift in Sources */,
				CCA986592579464800246935 /* CollectionCellViewController.swift in Sources */,
				CCFB247F25521BEC001CF488 /* ViewController.swift in Sources */,
				CCFB246425521B99001CF488 /* AppDelegate.swift in Sources */,
				CCA9865C2579467200246935 /* PhotoCollectionCell.swift in Sources */,
				CCFB248225521C1A001CF488 /* MovieCell.swift in Sources */,
				CC7EE594256AAA0B00D73B83 /* AddMovieViewController.swift in Sources */,
				CCFB246625521B99001CF488 /* SceneDelegate.swift in Sources */,
				CCFB248525521C25001CF488 /* Movie.swift in Sources */,
				CC7EE591256AAA0300D73B83 /* MovieInfoViewController.swift in Sources */,
			);
			runOnlyForDeploymentPostprocessing = 0;
		};
/* End PBXSourcesBuildPhase section */

/* Begin PBXVariantGroup section */
		CCFB246E25521B9C001CF488 /* LaunchScreen.storyboard */ = {
			isa = PBXVariantGroup;
			children = (
				CCFB246F25521B9C001CF488 /* Base */,
			);
			name = LaunchScreen.storyboard;
			sourceTree = "<group>";
		};
		CCFB247925521BD4001CF488 /* Main.storyboard */ = {
			isa = PBXVariantGroup;
			children = (
				CCFB247A25521BD4001CF488 /* Base */,
			);
			name = Main.storyboard;
			sourceTree = "<group>";
		};
/* End PBXVariantGroup section */

/* Begin XCBuildConfiguration section */
		CCFB247225521B9C001CF488 /* Debug */ = {
			isa = XCBuildConfiguration;
			buildSettings = {
				ALWAYS_SEARCH_USER_PATHS = NO;
				CLANG_ANALYZER_NONNULL = YES;
				CLANG_ANALYZER_NUMBER_OBJECT_CONVERSION = YES_AGGRESSIVE;
				CLANG_CXX_LANGUAGE_STANDARD = "gnu++14";
				CLANG_CXX_LIBRARY = "libc++";
				CLANG_ENABLE_MODULES = YES;
				CLANG_ENABLE_OBJC_ARC = YES;
				CLANG_ENABLE_OBJC_WEAK = YES;
				CLANG_WARN_BLOCK_CAPTURE_AUTORELEASING = YES;
				CLANG_WARN_BOOL_CONVERSION = YES;
				CLANG_WARN_COMMA = YES;
				CLANG_WARN_CONSTANT_CONVERSION = YES;
				CLANG_WARN_DEPRECATED_OBJC_IMPLEMENTATIONS = YES;
				CLANG_WARN_DIRECT_OBJC_ISA_USAGE = YES_ERROR;
				CLANG_WARN_DOCUMENTATION_COMMENTS = YES;
				CLANG_WARN_EMPTY_BODY = YES;
				CLANG_WARN_ENUM_CONVERSION = YES;
				CLANG_WARN_INFINITE_RECURSION = YES;
				CLANG_WARN_INT_CONVERSION = YES;
				CLANG_WARN_NON_LITERAL_NULL_CONVERSION = YES;
				CLANG_WARN_OBJC_IMPLICIT_RETAIN_SELF = YES;
				CLANG_WARN_OBJC_LITERAL_CONVERSION = YES;
				CLANG_WARN_OBJC_ROOT_CLASS = YES_ERROR;
				CLANG_WARN_QUOTED_INCLUDE_IN_FRAMEWORK_HEADER = YES;
				CLANG_WARN_RANGE_LOOP_ANALYSIS = YES;
				CLANG_WARN_STRICT_PROTOTYPES = YES;
				CLANG_WARN_SUSPICIOUS_MOVE = YES;
				CLANG_WARN_UNGUARDED_AVAILABILITY = YES_AGGRESSIVE;
				CLANG_WARN_UNREACHABLE_CODE = YES;
				CLANG_WARN__DUPLICATE_METHOD_MATCH = YES;
				COPY_PHASE_STRIP = NO;
				DEBUG_INFORMATION_FORMAT = dwarf;
				ENABLE_STRICT_OBJC_MSGSEND = YES;
				ENABLE_TESTABILITY = YES;
				GCC_C_LANGUAGE_STANDARD = gnu11;
				GCC_DYNAMIC_NO_PIC = NO;
				GCC_NO_COMMON_BLOCKS = YES;
				GCC_OPTIMIZATION_LEVEL = 0;
				GCC_PREPROCESSOR_DEFINITIONS = (
					"DEBUG=1",
					"$(inherited)",
				);
				GCC_WARN_64_TO_32_BIT_CONVERSION = YES;
				GCC_WARN_ABOUT_RETURN_TYPE = YES_ERROR;
				GCC_WARN_UNDECLARED_SELECTOR = YES;
				GCC_WARN_UNINITIALIZED_AUTOS = YES_AGGRESSIVE;
				GCC_WARN_UNUSED_FUNCTION = YES;
				GCC_WARN_UNUSED_VARIABLE = YES;
				IPHONEOS_DEPLOYMENT_TARGET = 14.0;
				MTL_ENABLE_DEBUG_INFO = INCLUDE_SOURCE;
				MTL_FAST_MATH = YES;
				ONLY_ACTIVE_ARCH = YES;
				SDKROOT = iphoneos;
				SWIFT_ACTIVE_COMPILATION_CONDITIONS = DEBUG;
				SWIFT_OPTIMIZATION_LEVEL = "-Onone";
			};
			name = Debug;
		};
		CCFB247325521B9C001CF488 /* Release */ = {
			isa = XCBuildConfiguration;
			buildSettings = {
				ALWAYS_SEARCH_USER_PATHS = NO;
				CLANG_ANALYZER_NONNULL = YES;
				CLANG_ANALYZER_NUMBER_OBJECT_CONVERSION = YES_AGGRESSIVE;
				CLANG_CXX_LANGUAGE_STANDARD = "gnu++14";
				CLANG_CXX_LIBRARY = "libc++";
				CLANG_ENABLE_MODULES = YES;
				CLANG_ENABLE_OBJC_ARC = YES;
				CLANG_ENABLE_OBJC_WEAK = YES;
				CLANG_WARN_BLOCK_CAPTURE_AUTORELEASING = YES;
				CLANG_WARN_BOOL_CONVERSION = YES;
				CLANG_WARN_COMMA = YES;
				CLANG_WARN_CONSTANT_CONVERSION = YES;
				CLANG_WARN_DEPRECATED_OBJC_IMPLEMENTATIONS = YES;
				CLANG_WARN_DIRECT_OBJC_ISA_USAGE = YES_ERROR;
				CLANG_WARN_DOCUMENTATION_COMMENTS = YES;
				CLANG_WARN_EMPTY_BODY = YES;
				CLANG_WARN_ENUM_CONVERSION = YES;
				CLANG_WARN_INFINITE_RECURSION = YES;
				CLANG_WARN_INT_CONVERSION = YES;
				CLANG_WARN_NON_LITERAL_NULL_CONVERSION = YES;
				CLANG_WARN_OBJC_IMPLICIT_RETAIN_SELF = YES;
				CLANG_WARN_OBJC_LITERAL_CONVERSION = YES;
				CLANG_WARN_OBJC_ROOT_CLASS = YES_ERROR;
				CLANG_WARN_QUOTED_INCLUDE_IN_FRAMEWORK_HEADER = YES;
				CLANG_WARN_RANGE_LOOP_ANALYSIS = YES;
				CLANG_WARN_STRICT_PROTOTYPES = YES;
				CLANG_WARN_SUSPICIOUS_MOVE = YES;
				CLANG_WARN_UNGUARDED_AVAILABILITY = YES_AGGRESSIVE;
				CLANG_WARN_UNREACHABLE_CODE = YES;
				CLANG_WARN__DUPLICATE_METHOD_MATCH = YES;
				COPY_PHASE_STRIP = NO;
				DEBUG_INFORMATION_FORMAT = "dwarf-with-dsym";
				ENABLE_NS_ASSERTIONS = NO;
				ENABLE_STRICT_OBJC_MSGSEND = YES;
				GCC_C_LANGUAGE_STANDARD = gnu11;
				GCC_NO_COMMON_BLOCKS = YES;
				GCC_WARN_64_TO_32_BIT_CONVERSION = YES;
				GCC_WARN_ABOUT_RETURN_TYPE = YES_ERROR;
				GCC_WARN_UNDECLARED_SELECTOR = YES;
				GCC_WARN_UNINITIALIZED_AUTOS = YES_AGGRESSIVE;
				GCC_WARN_UNUSED_FUNCTION = YES;
				GCC_WARN_UNUSED_VARIABLE = YES;
				IPHONEOS_DEPLOYMENT_TARGET = 14.0;
				MTL_ENABLE_DEBUG_INFO = NO;
				MTL_FAST_MATH = YES;
				SDKROOT = iphoneos;
				SWIFT_COMPILATION_MODE = wholemodule;
				SWIFT_OPTIMIZATION_LEVEL = "-O";
				VALIDATE_PRODUCT = YES;
			};
			name = Release;
		};
		CCFB247525521B9C001CF488 /* Debug */ = {
			isa = XCBuildConfiguration;
			buildSettings = {
				ASSETCATALOG_COMPILER_APPICON_NAME = AppIcon;
				ASSETCATALOG_COMPILER_GLOBAL_ACCENT_COLOR_NAME = AccentColor;
				CODE_SIGN_STYLE = Automatic;
				INFOPLIST_FILE = Fedoriachenko_Lab3/Info.plist;
				LD_RUNPATH_SEARCH_PATHS = (
					"$(inherited)",
					"@executable_path/Frameworks",
				);
				PRODUCT_BUNDLE_IDENTIFIER = "ua.kpi.comsys.ip7127.Fedoriachenko-Lab3";
				PRODUCT_NAME = "$(TARGET_NAME)";
				SWIFT_VERSION = 5.0;
				TARGETED_DEVICE_FAMILY = "1,2";
			};
			name = Debug;
		};
		CCFB247625521B9C001CF488 /* Release */ = {
			isa = XCBuildConfiguration;
			buildSettings = {
				ASSETCATALOG_COMPILER_APPICON_NAME = AppIcon;
				ASSETCATALOG_COMPILER_GLOBAL_ACCENT_COLOR_NAME = AccentColor;
				CODE_SIGN_STYLE = Automatic;
				INFOPLIST_FILE = Fedoriachenko_Lab3/Info.plist;
				LD_RUNPATH_SEARCH_PATHS = (
					"$(inherited)",
					"@executable_path/Frameworks",
				);
				PRODUCT_BUNDLE_IDENTIFIER = "ua.kpi.comsys.ip7127.Fedoriachenko-Lab3";
				PRODUCT_NAME = "$(TARGET_NAME)";
				SWIFT_VERSION = 5.0;
				TARGETED_DEVICE_FAMILY = "1,2";
			};
			name = Release;
		};
/* End XCBuildConfiguration section */

/* Begin XCConfigurationList section */
		CCFB245B25521B99001CF488 /* Build configuration list for PBXProject "Fedoriachenko_Lab3" */ = {
			isa = XCConfigurationList;
			buildConfigurations = (
				CCFB247225521B9C001CF488 /* Debug */,
				CCFB247325521B9C001CF488 /* Release */,
			);
			defaultConfigurationIsVisible = 0;
			defaultConfigurationName = Release;
		};
		CCFB247425521B9C001CF488 /* Build configuration list for PBXNativeTarget "Fedoriachenko_Lab3" */ = {
			isa = XCConfigurationList;
			buildConfigurations = (
				CCFB247525521B9C001CF488 /* Debug */,
				CCFB247625521B9C001CF488 /* Release */,
			);
			defaultConfigurationIsVisible = 0;
			defaultConfigurationName = Release;
		};
/* End XCConfigurationList section */
	};
	rootObject = CCFB245825521B99001CF488 /* Project object */;
}
